
Microsoft Visual Studio Solution File, Format Version 12.00
# Visual Studio Version 17
VisualStudioVersion = 17.13.36105.23
MinimumVisualStudioVersion = 10.0.40219.1
Project("{FAE04EC0-301F-11D3-BF4B-00C04F79EFBC}") = "FsmNet", "src\FsmNet\FsmNet.csproj", "{16F415DB-E695-5126-B112-672008B6DD2A}"
EndProject
Project("{FAE04EC0-301F-11D3-BF4B-00C04F79EFBC}") = "FsmNet.Example", "src\FsmNet.Example\FsmNet.Example.csproj", "{0A8C72A8-ACFD-48D1-9FDE-832EB84A0D50}"
EndProject
Project("{FAE04EC0-301F-11D3-BF4B-00C04F79EFBC}") = "FsmNet.UnitTests", "tests\FsmNet.UnitTests\FsmNet.UnitTests.csproj", "{28A54117-2063-45AA-8A68-771C6D5ABD4D}"
EndProject
Global
	GlobalSection(SolutionConfigurationPlatforms) = preSolution
		Debug|Any CPU = Debug|Any CPU
		Release|Any CPU = Release|Any CPU
	EndGlobalSection
	GlobalSection(ProjectConfigurationPlatforms) = postSolution
		{16F415DB-E695-5126-B112-672008B6DD2A}.Debug|Any CPU.ActiveCfg = Debug|Any CPU
		{16F415DB-E695-5126-B112-672008B6DD2A}.Debug|Any CPU.Build.0 = Debug|Any CPU
		{16F415DB-E695-5126-B112-672008B6DD2A}.Release|Any CPU.ActiveCfg = Release|Any CPU
		{16F415DB-E695-5126-B112-672008B6DD2A}.Release|Any CPU.Build.0 = Release|Any CPU
		{0A8C72A8-ACFD-48D1-9FDE-832EB84A0D50}.Debug|Any CPU.ActiveCfg = Debug|Any CPU
		{0A8C72A8-ACFD-48D1-9FDE-832EB84A0D50}.Debug|Any CPU.Build.0 = Debug|Any CPU
		{0A8C72A8-ACFD-48D1-9FDE-832EB84A0D50}.Release|Any CPU.ActiveCfg = Release|Any CPU
		{0A8C72A8-ACFD-48D1-9FDE-832EB84A0D50}.Release|Any CPU.Build.0 = Release|Any CPU
		{28A54117-2063-45AA-8A68-771C6D5ABD4D}.Debug|Any CPU.ActiveCfg = Debug|Any CPU
		{28A54117-2063-45AA-8A68-771C6D5ABD4D}.Debug|Any CPU.Build.0 = Debug|Any CPU
		{28A54117-2063-45AA-8A68-771C6D5ABD4D}.Release|Any CPU.ActiveCfg = Release|Any CPU
		{28A54117-2063-45AA-8A68-771C6D5ABD4D}.Release|Any CPU.Build.0 = Release|Any CPU
	EndGlobalSection
	GlobalSection(SolutionProperties) = preSolution
		HideSolutionNode = FALSE
	EndGlobalSection
	GlobalSection(ExtensibilityGlobals) = postSolution
		SolutionGuid = {030CFF50-45C5-4E94-A631-F6F07D1C31BB}
	EndGlobalSection
EndGlobal
