
Microsoft Visual Studio Solution File, Format Version 12.00
# Visual Studio Version 17
VisualStudioVersion = 17.13.36105.23
MinimumVisualStudioVersion = 10.0.40219.1
Project("{2150E333-8FDC-42A3-9474-1A3956D46DE8}") = "Solution Items", "Solution Items", "{02EA681E-C7D8-13C7-8484-4AC65E1B71E8}"
	ProjectSection(SolutionItems) = preProject
		.editorconfig = .editorconfig
		.gitattributes = .gitattributes
		.gitignore = .gitignore
		CONTRIBUTING.md = CONTRIBUTING.md
		.github\workflows\dotnet.yml = .github\workflows\dotnet.yml
		LICENSE.txt = LICENSE.txt
		.github\workflows\publish.yml = .github\workflows\publish.yml
		README.md = README.md
	EndProjectSection
EndProject
Project("{FAE04EC0-301F-11D3-BF4B-00C04F79EFBC}") = "SharpFsm.Example", "example\SharpFsm.Example.csproj", "{6318C61A-E3E3-A51F-2E8D-82F9D7323B25}"
EndProject
Project("{FAE04EC0-301F-11D3-BF4B-00C04F79EFBC}") = "SharpFsm", "src\SharpFsm.csproj", "{0827393E-C362-2084-5F6B-AC358F4D263F}"
EndProject
Project("{FAE04EC0-301F-11D3-BF4B-00C04F79EFBC}") = "SharpFsm.UnitTests", "tests\SharpFsm.UnitTests.csproj", "{D722A967-EBC1-0C87-60CA-E0EFCFA18AC3}"
EndProject
Global
	GlobalSection(SolutionConfigurationPlatforms) = preSolution
		Debug|Any CPU = Debug|Any CPU
		Release|Any CPU = Release|Any CPU
	EndGlobalSection
	GlobalSection(ProjectConfigurationPlatforms) = postSolution
		{6318C61A-E3E3-A51F-2E8D-82F9D7323B25}.Debug|Any CPU.ActiveCfg = Debug|Any CPU
		{6318C61A-E3E3-A51F-2E8D-82F9D7323B25}.Debug|Any CPU.Build.0 = Debug|Any CPU
		{6318C61A-E3E3-A51F-2E8D-82F9D7323B25}.Release|Any CPU.ActiveCfg = Release|Any CPU
		{6318C61A-E3E3-A51F-2E8D-82F9D7323B25}.Release|Any CPU.Build.0 = Release|Any CPU
		{0827393E-C362-2084-5F6B-AC358F4D263F}.Debug|Any CPU.ActiveCfg = Debug|Any CPU
		{0827393E-C362-2084-5F6B-AC358F4D263F}.Debug|Any CPU.Build.0 = Debug|Any CPU
		{0827393E-C362-2084-5F6B-AC358F4D263F}.Release|Any CPU.ActiveCfg = Release|Any CPU
		{0827393E-C362-2084-5F6B-AC358F4D263F}.Release|Any CPU.Build.0 = Release|Any CPU
		{D722A967-EBC1-0C87-60CA-E0EFCFA18AC3}.Debug|Any CPU.ActiveCfg = Debug|Any CPU
		{D722A967-EBC1-0C87-60CA-E0EFCFA18AC3}.Debug|Any CPU.Build.0 = Debug|Any CPU
		{D722A967-EBC1-0C87-60CA-E0EFCFA18AC3}.Release|Any CPU.ActiveCfg = Release|Any CPU
		{D722A967-EBC1-0C87-60CA-E0EFCFA18AC3}.Release|Any CPU.Build.0 = Release|Any CPU
	EndGlobalSection
	GlobalSection(SolutionProperties) = preSolution
		HideSolutionNode = FALSE
	EndGlobalSection
	GlobalSection(ExtensibilityGlobals) = postSolution
		SolutionGuid = {030CFF50-45C5-4E94-A631-F6F07D1C31BB}
	EndGlobalSection
EndGlobal
